Microsoft Visual Studio Solution File, Format Version 12.00
# Visual Studio Version 17
VisualStudioVersion = 17.14.36511.14
MinimumVisualStudioVersion = 10.0.40219.1
Project("{FAE04EC0-301F-11D3-BF4B-00C04F79EFBC}") = "HotelManagementSystem.Entities", "HotelManagementSystem.Entities\HotelManagementSystem.Entities.csproj", "{08E3574A-FCF7-4B29-B82F-3AEDE5BB7757}"
EndProject
Project("{FAE04EC0-301F-11D3-BF4B-00C04F79EFBC}") = "HotelManagementSystem.DAL", "HotelManagementSystem.DAL\HotelManagementSystem.DAL.csproj", "{4F263885-9FDF-4394-BDCB-24A3F6E51974}"
EndProject
Project("{FAE04EC0-301F-11D3-BF4B-00C04F79EFBC}") = "HotelManagementSystem.BLL", "HotelManagementSystem.BLL\HotelManagementSystem.BLL.csproj", "{F7DE5025-B8D3-48C8-B05B-AAC64C87EDCC}"
EndProject
Project("{FAE04EC0-301F-11D3-BF4B-00C04F79EFBC}") = "HotelManagementSystem.Forms", "HotelManagementSystem.Forms\HotelManagementSystem.Forms.csproj", "{E511AA31-8C02-4016-8E82-D2F216569962}"
EndProject
Global
	GlobalSection(SolutionConfigurationPlatforms) = preSolution
		Debug|Any CPU = Debug|Any CPU
		Release|Any CPU = Release|Any CPU
	EndGlobalSection
	GlobalSection(ProjectConfigurationPlatforms) = postSolution
		{08E3574A-FCF7-4B29-B82F-3AEDE5BB7757}.Debug|Any CPU.ActiveCfg = Debug|Any CPU
		{08E3574A-FCF7-4B29-B82F-3AEDE5BB7757}.Debug|Any CPU.Build.0 = Debug|Any CPU
		{08E3574A-FCF7-4B29-B82F-3AEDE5BB7757}.Release|Any CPU.ActiveCfg = Release|Any CPU
		{08E3574A-FCF7-4B29-B82F-3AEDE5BB7757}.Release|Any CPU.Build.0 = Release|Any CPU
		{4F263885-9FDF-4394-BDCB-24A3F6E51974}.Debug|Any CPU.ActiveCfg = Debug|Any CPU
		{4F263885-9FDF-4394-BDCB-24A3F6E51974}.Debug|Any CPU.Build.0 = Debug|Any CPU
		{4F263885-9FDF-4394-BDCB-24A3F6E51974}.Release|Any CPU.ActiveCfg = Release|Any CPU
		{4F263885-9FDF-4394-BDCB-24A3F6E51974}.Release|Any CPU.Build.0 = Release|Any CPU
		{F7DE5025-B8D3-48C8-B05B-AAC64C87EDCC}.Debug|Any CPU.ActiveCfg = Debug|Any CPU
		{F7DE5025-B8D3-48C8-B05B-AAC64C87EDCC}.Debug|Any CPU.Build.0 = Debug|Any CPU
		{F7DE5025-B8D3-48C8-B05B-AAC64C87EDCC}.Release|Any CPU.ActiveCfg = Release|Any CPU
		{F7DE5025-B8D3-48C8-B05B-AAC64C87EDCC}.Release|Any CPU.Build.0 = Release|Any CPU
		{E511AA31-8C02-4016-8E82-D2F216569962}.Debug|Any CPU.ActiveCfg = Debug|Any CPU
		{E511AA31-8C02-4016-8E82-D2F216569962}.Debug|Any CPU.Build.0 = Debug|Any CPU
		{E511AA31-8C02-4016-8E82-D2F216569962}.Release|Any CPU.ActiveCfg = Release|Any CPU
		{E511AA31-8C02-4016-8E82-D2F216569962}.Release|Any CPU.Build.0 = Release|Any CPU
	EndGlobalSection
	GlobalSection(SolutionProperties) = preSolution
		HideSolutionNode = FALSE
	EndGlobalSection
	GlobalSection(ExtensibilityGlobals) = postSolution
		SolutionGuid = {A23D6AB8-86FD-4D09-85F5-D566138743AC}
	EndGlobalSection
EndGlobal
